
Microsoft Visual Studio Solution File, Format Version 12.00
# Visual Studio Version 17
VisualStudioVersion = 17.0.32112.339
MinimumVisualStudioVersion = 10.0.40219.1
Project("{FAE04EC0-301F-11D3-BF4B-00C04F79EFBC}") = "WebApiPenu2", "WebApiPenu2.csproj", "{1F7F0897-C228-48DA-A2CF-B024A2E775BF}"
EndProject
Global
	GlobalSection(SolutionConfigurationPlatforms) = preSolution
		Debug|Any CPU = Debug|Any CPU
		Release|Any CPU = Release|Any CPU
	EndGlobalSection
	GlobalSection(ProjectConfigurationPlatforms) = postSolution
		{1F7F0897-C228-48DA-A2CF-B024A2E775BF}.Debug|Any CPU.ActiveCfg = Debug|Any CPU
		{1F7F0897-C228-48DA-A2CF-B024A2E775BF}.Debug|Any CPU.Build.0 = Debug|Any CPU
		{1F7F0897-C228-48DA-A2CF-B024A2E775BF}.Release|Any CPU.ActiveCfg = Release|Any CPU
		{1F7F0897-C228-48DA-A2CF-B024A2E775BF}.Release|Any CPU.Build.0 = Release|Any CPU
	EndGlobalSection
	GlobalSection(SolutionProperties) = preSolution
		HideSolutionNode = FALSE
	EndGlobalSection
	GlobalSection(ExtensibilityGlobals) = postSolution
		SolutionGuid = {C7B40A11-AFA4-4F36-884C-A2E4B5C6D67C}
	EndGlobalSection
EndGlobal
